
Microsoft Visual Studio Solution File, Format Version 12.00
# Visual Studio Version 16
VisualStudioVersion = 16.0.30517.126
MinimumVisualStudioVersion = 10.0.40219.1
Project("{FAE04EC0-301F-11D3-BF4B-00C04F79EFBC}") = "Combinations", "Combinations\Combinations.csproj", "{78B1E3B8-8093-491E-8DD6-909F202BBE7D}"
EndProject
Global
	GlobalSection(SolutionConfigurationPlatforms) = preSolution
		Debug|Any CPU = Debug|Any CPU
		Release|Any CPU = Release|Any CPU
	EndGlobalSection
	GlobalSection(ProjectConfigurationPlatforms) = postSolution
		{78B1E3B8-8093-491E-8DD6-909F202BBE7D}.Debug|Any CPU.ActiveCfg = Debug|Any CPU
		{78B1E3B8-8093-491E-8DD6-909F202BBE7D}.Debug|Any CPU.Build.0 = Debug|Any CPU
		{78B1E3B8-8093-491E-8DD6-909F202BBE7D}.Release|Any CPU.ActiveCfg = Release|Any CPU
		{78B1E3B8-8093-491E-8DD6-909F202BBE7D}.Release|Any CPU.Build.0 = Release|Any CPU
	EndGlobalSection
	GlobalSection(SolutionProperties) = preSolution
		HideSolutionNode = FALSE
	EndGlobalSection
	GlobalSection(ExtensibilityGlobals) = postSolution
		SolutionGuid = {5004C4DA-ACB6-4360-A856-3282FF89176D}
	EndGlobalSection
EndGlobal
