
Microsoft Visual Studio Solution File, Format Version 12.00
# Visual Studio Version 16
VisualStudioVersion = 16.0.30406.217
MinimumVisualStudioVersion = 10.0.40219.1
Project("{FAE04EC0-301F-11D3-BF4B-00C04F79EFBC}") = "Activity Selection", "Activity Selection\Activity Selection.csproj", "{78E17BF1-3AA9-4DB1-A176-AA76063413B7}"
EndProject
Global
	GlobalSection(SolutionConfigurationPlatforms) = preSolution
		Debug|Any CPU = Debug|Any CPU
		Release|Any CPU = Release|Any CPU
	EndGlobalSection
	GlobalSection(ProjectConfigurationPlatforms) = postSolution
		{78E17BF1-3AA9-4DB1-A176-AA76063413B7}.Debug|Any CPU.ActiveCfg = Debug|Any CPU
		{78E17BF1-3AA9-4DB1-A176-AA76063413B7}.Debug|Any CPU.Build.0 = Debug|Any CPU
		{78E17BF1-3AA9-4DB1-A176-AA76063413B7}.Release|Any CPU.ActiveCfg = Release|Any CPU
		{78E17BF1-3AA9-4DB1-A176-AA76063413B7}.Release|Any CPU.Build.0 = Release|Any CPU
	EndGlobalSection
	GlobalSection(SolutionProperties) = preSolution
		HideSolutionNode = FALSE
	EndGlobalSection
	GlobalSection(ExtensibilityGlobals) = postSolution
		SolutionGuid = {0E6356E6-D99E-4FE1-8277-A43B0EB3AECB}
	EndGlobalSection
EndGlobal
